// !$*UTF8*$!
{
	archiveVersion = 1;
	classes = {
	};
	objectVersion = 50;
	objects = {

/* Begin PBXBuildFile section */
		4660CD6122E2DB4C00D9C5E8 /* AppDelegate.swift in Sources */ = {isa = PBXBuildFile; fileRef = 4660CD6022E2DB4C00D9C5E8 /* AppDelegate.swift */; };
		4660CD6322E2DB4C00D9C5E8 /* ViewController.swift in Sources */ = {isa = PBXBuildFile; fileRef = 4660CD6222E2DB4C00D9C5E8 /* ViewController.swift */; };
		4660CD6622E2DB4C00D9C5E8 /* Main.storyboard in Resources */ = {isa = PBXBuildFile; fileRef = 4660CD6422E2DB4C00D9C5E8 /* Main.storyboard */; };
		4660CD6822E2DB4E00D9C5E8 /* Assets.xcassets in Resources */ = {isa = PBXBuildFile; fileRef = 4660CD6722E2DB4E00D9C5E8 /* Assets.xcassets */; };
		4660CD6B22E2DB4E00D9C5E8 /* LaunchScreen.storyboard in Resources */ = {isa = PBXBuildFile; fileRef = 4660CD6922E2DB4E00D9C5E8 /* LaunchScreen.storyboard */; };
/* End PBXBuildFile section */

/* Begin PBXFileReference section */
		4660CD5D22E2DB4C00D9C5E8 /* week3_transform.app */ = {isa = PBXFileReference; explicitFileType = wrapper.application; includeInIndex = 0; path = week3_transform.app; sourceTree = BUILT_PRODUCTS_DIR; };
		4660CD6022E2DB4C00D9C5E8 /* AppDelegate.swift */ = {isa = PBXFileReference; lastKnownFileType = sourcecode.swift; path = AppDelegate.swift; sourceTree = "<group>"; };
		4660CD6222E2DB4C00D9C5E8 /* ViewController.swift */ = {isa = PBXFileReference; lastKnownFileType = sourcecode.swift; path = ViewController.swift; sourceTree = "<group>"; };
		4660CD6522E2DB4C00D9C5E8 /* Base */ = {isa = PBXFileReference; lastKnownFileType = file.storyboard; name = Base; path = Base.lproj/Main.storyboard; sourceTree = "<group>"; };
		4660CD6722E2DB4E00D9C5E8 /* Assets.xcassets */ = {isa = PBXFileReference; lastKnownFileType = folder.assetcatalog; path = Assets.xcassets; sourceTree = "<group>"; };
		4660CD6A22E2DB4E00D9C5E8 /* Base */ = {isa = PBXFileReference; lastKnownFileType = file.storyboard; name = Base; path = Base.lproj/LaunchScreen.storyboard; sourceTree = "<group>"; };
		4660CD6C22E2DB4E00D9C5E8 /* Info.plist */ = {isa = PBXFileReference; lastKnownFileType = text.plist.xml; path = Info.plist; sourceTree = "<group>"; };
/* End PBXFileReference section */

/* Begin PBXFrameworksBuildPhase section */
		4660CD5A22E2DB4C00D9C5E8 /* Frameworks */ = {
			isa = PBXFrameworksBuildPhase;
			buildActionMask = 2147483647;
			files = (
			);
			runOnlyForDeploymentPostprocessing = 0;
		};
/* End PBXFrameworksBuildPhase section */

/* Begin PBXGroup section */
		4660CD5422E2DB4C00D9C5E8 = {
			isa = PBXGroup;
			children = (
				4660CD5F22E2DB4C00D9C5E8 /* week3_transform */,
				4660CD5E22E2DB4C00D9C5E8 /* Products */,
			);
			sourceTree = "<group>";
		};
		4660CD5E22E2DB4C00D9C5E8 /* Products */ = {
			isa = PBXGroup;
			children = (
				4660CD5D22E2DB4C00D9C5E8 /* week3_transform.app */,
			);
			name = Products;
			sourceTree = "<group>";
		};
		4660CD5F22E2DB4C00D9C5E8 /* week3_transform */ = {
			isa = PBXGroup;
			children = (
				4660CD6022E2DB4C00D9C5E8 /* AppDelegate.swift */,
				4660CD6222E2DB4C00D9C5E8 /* ViewController.swift */,
				4660CD6422E2DB4C00D9C5E8 /* Main.storyboard */,
				4660CD6722E2DB4E00D9C5E8 /* Assets.xcassets */,
				4660CD6922E2DB4E00D9C5E8 /* LaunchScreen.storyboard */,
				4660CD6C22E2DB4E00D9C5E8 /* Info.plist */,
			);
			path = week3_transform;
			sourceTree = "<group>";
		};
/* End PBXGroup section */

/* Begin PBXNativeTarget section */
		4660CD5C22E2DB4C00D9C5E8 /* week3_transform */ = {
			isa = PBXNativeTarget;
			buildConfigurationList = 4660CD6F22E2DB4E00D9C5E8 /* Build configuration list for PBXNativeTarget "week3_transform" */;
			buildPhases = (
				4660CD5922E2DB4C00D9C5E8 /* Sources */,
				4660CD5A22E2DB4C00D9C5E8 /* Frameworks */,
				4660CD5B22E2DB4C00D9C5E8 /* Resources */,
			);
			buildRules = (
			);
			dependencies = (
			);
			name = week3_transform;
			productName = week3_transform;
			productReference = 4660CD5D22E2DB4C00D9C5E8 /* week3_transform.app */;
			productType = "com.apple.product-type.application";
		};
/* End PBXNativeTarget section */

/* Begin PBXProject section */
		4660CD5522E2DB4C00D9C5E8 /* Project object */ = {
			isa = PBXProject;
			attributes = {
				LastSwiftUpdateCheck = 1020;
				LastUpgradeCheck = 1020;
				ORGANIZATIONNAME = test;
				TargetAttributes = {
					4660CD5C22E2DB4C00D9C5E8 = {
						CreatedOnToolsVersion = 10.2.1;
					};
				};
			};
			buildConfigurationList = 4660CD5822E2DB4C00D9C5E8 /* Build configuration list for PBXProject "week3_transform" */;
			compatibilityVersion = "Xcode 9.3";
			developmentRegion = en;
			hasScannedForEncodings = 0;
			knownRegions = (
				en,
				Base,
			);
			mainGroup = 4660CD5422E2DB4C00D9C5E8;
			productRefGroup = 4660CD5E22E2DB4C00D9C5E8 /* Products */;
			projectDirPath = "";
			projectRoot = "";
			targets = (
				4660CD5C22E2DB4C00D9C5E8 /* week3_transform */,
			);
		};
/* End PBXProject section */

/* Begin PBXResourcesBuildPhase section */
		4660CD5B22E2DB4C00D9C5E8 /* Resources */ = {
			isa = PBXResourcesBuildPhase;
			buildActionMask = 2147483647;
			files = (
				4660CD6B22E2DB4E00D9C5E8 /* LaunchScreen.storyboard in Resources */,
				4660CD6822E2DB4E00D9C5E8 /* Assets.xcassets in Resources */,
				4660CD6622E2DB4C00D9C5E8 /* Main.storyboard in Resources */,
			);
			runOnlyForDeploymentPostprocessing = 0;
		};
/* End PBXResourcesBuildPhase section */

/* Begin PBXSourcesBuildPhase section */
		4660CD5922E2DB4C00D9C5E8 /* Sources */ = {
			isa = PBXSourcesBuildPhase;
			buildActionMask = 2147483647;
			files = (
				4660CD6322E2DB4C00D9C5E8 /* ViewController.swift in Sources */,
				4660CD6122E2DB4C00D9C5E8 /* AppDelegate.swift in Sources */,
			);
			runOnlyForDeploymentPostprocessing = 0;
		};
/* End PBXSourcesBuildPhase section */

/* Begin PBXVariantGroup section */
		4660CD6422E2DB4C00D9C5E8 /* Main.storyboard */ = {
			isa = PBXVariantGroup;
			children = (
				4660CD6522E2DB4C00D9C5E8 /* Base */,
			);
			name = Main.storyboard;
			sourceTree = "<group>";
		};
		4660CD6922E2DB4E00D9C5E8 /* LaunchScreen.storyboard */ = {
			isa = PBXVariantGroup;
			children = (
				4660CD6A22E2DB4E00D9C5E8 /* Base */,
			);
			name = LaunchScreen.storyboard;
			sourceTree = "<group>";
		};
/* End PBXVariantGroup section */

/* Begin XCBuildConfiguration section */
		4660CD6D22E2DB4E00D9C5E8 /* Debug */ = {
			isa = XCBuildConfiguration;
			buildSettings = {
				ALWAYS_SEARCH_USER_PATHS = NO;
				CLANG_ANALYZER_NONNULL = YES;
				CLANG_ANALYZER_NUMBER_OBJECT_CONVERSION = YES_AGGRESSIVE;
				CLANG_CXX_LANGUAGE_STANDARD = "gnu++14";
				CLANG_CXX_LIBRARY = "libc++";
				CLANG_ENABLE_MODULES = YES;
				CLANG_ENABLE_OBJC_ARC = YES;
				CLANG_ENABLE_OBJC_WEAK = YES;
				CLANG_WARN_BLOCK_CAPTURE_AUTORELEASING = YES;
				CLANG_WARN_BOOL_CONVERSION = YES;
				CLANG_WARN_COMMA = YES;
				CLANG_WARN_CONSTANT_CONVERSION = YES;
				CLANG_WARN_DEPRECATED_OBJC_IMPLEMENTATIONS = YES;
				CLANG_WARN_DIRECT_OBJC_ISA_USAGE = YES_ERROR;
				CLANG_WARN_DOCUMENTATION_COMMENTS = YES;
				CLANG_WARN_EMPTY_BODY = YES;
				CLANG_WARN_ENUM_CONVERSION = YES;
				CLANG_WARN_INFINITE_RECURSION = YES;
				CLANG_WARN_INT_CONVERSION = YES;
				CLANG_WARN_NON_LITERAL_NULL_CONVERSION = YES;
				CLANG_WARN_OBJC_IMPLICIT_RETAIN_SELF = YES;
				CLANG_WARN_OBJC_LITERAL_CONVERSION = YES;
				CLANG_WARN_OBJC_ROOT_CLASS = YES_ERROR;
				CLANG_WARN_RANGE_LOOP_ANALYSIS = YES;
				CLANG_WARN_STRICT_PROTOTYPES = YES;
				CLANG_WARN_SUSPICIOUS_MOVE = YES;
				CLANG_WARN_UNGUARDED_AVAILABILITY = YES_AGGRESSIVE;
				CLANG_WARN_UNREACHABLE_CODE = YES;
				CLANG_WARN__DUPLICATE_METHOD_MATCH = YES;
				CODE_SIGN_IDENTITY = "iPhone Developer";
				COPY_PHASE_STRIP = NO;
				DEBUG_INFORMATION_FORMAT = dwarf;
				ENABLE_STRICT_OBJC_MSGSEND = YES;
				ENABLE_TESTABILITY = YES;
				GCC_C_LANGUAGE_STANDARD = gnu11;
				GCC_DYNAMIC_NO_PIC = NO;
				GCC_NO_COMMON_BLOCKS = YES;
				GCC_OPTIMIZATION_LEVEL = 0;
				GCC_PREPROCESSOR_DEFINITIONS = (
					"DEBUG=1",
					"$(inherited)",
				);
				GCC_WARN_64_TO_32_BIT_CONVERSION = YES;
				GCC_WARN_ABOUT_RETURN_TYPE = YES_ERROR;
				GCC_WARN_UNDECLARED_SELECTOR = YES;
				GCC_WARN_UNINITIALIZED_AUTOS = YES_AGGRESSIVE;
				GCC_WARN_UNUSED_FUNCTION = YES;
				GCC_WARN_UNUSED_VARIABLE = YES;
				IPHONEOS_DEPLOYMENT_TARGET = 12.2;
				MTL_ENABLE_DEBUG_INFO = INCLUDE_SOURCE;
				MTL_FAST_MATH = YES;
				ONLY_ACTIVE_ARCH = YES;
				SDKROOT = iphoneos;
				SWIFT_ACTIVE_COMPILATION_CONDITIONS = DEBUG;
				SWIFT_OPTIMIZATION_LEVEL = "-Onone";
			};
			name = Debug;
		};
		4660CD6E22E2DB4E00D9C5E8 /* Release */ = {
			isa = XCBuildConfiguration;
			buildSettings = {
				ALWAYS_SEARCH_USER_PATHS = NO;
				CLANG_ANALYZER_NONNULL = YES;
				CLANG_ANALYZER_NUMBER_OBJECT_CONVERSION = YES_AGGRESSIVE;
				CLANG_CXX_LANGUAGE_STANDARD = "gnu++14";
				CLANG_CXX_LIBRARY = "libc++";
				CLANG_ENABLE_MODULES = YES;
				CLANG_ENABLE_OBJC_ARC = YES;
				CLANG_ENABLE_OBJC_WEAK = YES;
				CLANG_WARN_BLOCK_CAPTURE_AUTORELEASING = YES;
				CLANG_WARN_BOOL_CONVERSION = YES;
				CLANG_WARN_COMMA = YES;
				CLANG_WARN_CONSTANT_CONVERSION = YES;
				CLANG_WARN_DEPRECATED_OBJC_IMPLEMENTATIONS = YES;
				CLANG_WARN_DIRECT_OBJC_ISA_USAGE = YES_ERROR;
				CLANG_WARN_DOCUMENTATION_COMMENTS = YES;
				CLANG_WARN_EMPTY_BODY = YES;
				CLANG_WARN_ENUM_CONVERSION = YES;
				CLANG_WARN_INFINITE_RECURSION = YES;
				CLANG_WARN_INT_CONVERSION = YES;
				CLANG_WARN_NON_LITERAL_NULL_CONVERSION = YES;
				CLANG_WARN_OBJC_IMPLICIT_RETAIN_SELF = YES;
				CLANG_WARN_OBJC_LITERAL_CONVERSION = YES;
				CLANG_WARN_OBJC_ROOT_CLASS = YES_ERROR;
				CLANG_WARN_RANGE_LOOP_ANALYSIS = YES;
				CLANG_WARN_STRICT_PROTOTYPES = YES;
				CLANG_WARN_SUSPICIOUS_MOVE = YES;
				CLANG_WARN_UNGUARDED_AVAILABILITY = YES_AGGRESSIVE;
				CLANG_WARN_UNREACHABLE_CODE = YES;
				CLANG_WARN__DUPLICATE_METHOD_MATCH = YES;
				CODE_SIGN_IDENTITY = "iPhone Developer";
				COPY_PHASE_STRIP = NO;
				DEBUG_INFORMATION_FORMAT = "dwarf-with-dsym";
				ENABLE_NS_ASSERTIONS = NO;
				ENABLE_STRICT_OBJC_MSGSEND = YES;
				GCC_C_LANGUAGE_STANDARD = gnu11;
				GCC_NO_COMMON_BLOCKS = YES;
				GCC_WARN_64_TO_32_BIT_CONVERSION = YES;
				GCC_WARN_ABOUT_RETURN_TYPE = YES_ERROR;
				GCC_WARN_UNDECLARED_SELECTOR = YES;
				GCC_WARN_UNINITIALIZED_AUTOS = YES_AGGRESSIVE;
				GCC_WARN_UNUSED_FUNCTION = YES;
				GCC_WARN_UNUSED_VARIABLE = YES;
				IPHONEOS_DEPLOYMENT_TARGET = 12.2;
				MTL_ENABLE_DEBUG_INFO = NO;
				MTL_FAST_MATH = YES;
				SDKROOT = iphoneos;
				SWIFT_COMPILATION_MODE = wholemodule;
				SWIFT_OPTIMIZATION_LEVEL = "-O";
				VALIDATE_PRODUCT = YES;
			};
			name = Release;
		};
		4660CD7022E2DB4E00D9C5E8 /* Debug */ = {
			isa = XCBuildConfiguration;
			buildSettings = {
				ASSETCATALOG_COMPILER_APPICON_NAME = AppIcon;
				CODE_SIGN_STYLE = Automatic;
				INFOPLIST_FILE = week3_transform/Info.plist;
				LD_RUNPATH_SEARCH_PATHS = (
					"$(inherited)",
					"@executable_path/Frameworks",
				);
				PRODUCT_BUNDLE_IDENTIFIER = "larry.com.week3-transform";
				PRODUCT_NAME = "$(TARGET_NAME)";
				SWIFT_VERSION = 5.0;
				TARGETED_DEVICE_FAMILY = "1,2";
			};
			name = Debug;
		};
		4660CD7122E2DB4E00D9C5E8 /* Release */ = {
			isa = XCBuildConfiguration;
			buildSettings = {
				ASSETCATALOG_COMPILER_APPICON_NAME = AppIcon;
				CODE_SIGN_STYLE = Automatic;
				INFOPLIST_FILE = week3_transform/Info.plist;
				LD_RUNPATH_SEARCH_PATHS = (
					"$(inherited)",
					"@executable_path/Frameworks",
				);
				PRODUCT_BUNDLE_IDENTIFIER = "larry.com.week3-transform";
				PRODUCT_NAME = "$(TARGET_NAME)";
				SWIFT_VERSION = 5.0;
				TARGETED_DEVICE_FAMILY = "1,2";
			};
			name = Release;
		};
/* End XCBuildConfiguration section */

/* Begin XCConfigurationList section */
		4660CD5822E2DB4C00D9C5E8 /* Build configuration list for PBXProject "week3_transform" */ = {
			isa = XCConfigurationList;
			buildConfigurations = (
				4660CD6D22E2DB4E00D9C5E8 /* Debug */,
				4660CD6E22E2DB4E00D9C5E8 /* Release */,
			);
			defaultConfigurationIsVisible = 0;
			defaultConfigurationName = Release;
		};
		4660CD6F22E2DB4E00D9C5E8 /* Build configuration list for PBXNativeTarget "week3_transform" */ = {
			isa = XCConfigurationList;
			buildConfigurations = (
				4660CD7022E2DB4E00D9C5E8 /* Debug */,
				4660CD7122E2DB4E00D9C5E8 /* Release */,
			);
			defaultConfigurationIsVisible = 0;
			defaultConfigurationName = Release;
		};
/* End XCConfigurationList section */
	};
	rootObject = 4660CD5522E2DB4C00D9C5E8 /* Project object */;
}
